
Microsoft Visual Studio Solution File, Format Version 12.00
# Visual Studio Version 17
VisualStudioVersion = 17.3.32901.215
MinimumVisualStudioVersion = 10.0.40219.1
Project("{FAE04EC0-301F-11D3-BF4B-00C04F79EFBC}") = "UsingPlatformFeaturesP1", "UsingPlatformFeaturesP1\UsingPlatformFeaturesP1.csproj", "{97E36BBD-0ADF-4D8E-83FD-F0E1F4854C25}"
EndProject
Global
	GlobalSection(SolutionConfigurationPlatforms) = preSolution
		Debug|Any CPU = Debug|Any CPU
		Release|Any CPU = Release|Any CPU
	EndGlobalSection
	GlobalSection(ProjectConfigurationPlatforms) = postSolution
		{97E36BBD-0ADF-4D8E-83FD-F0E1F4854C25}.Debug|Any CPU.ActiveCfg = Debug|Any CPU
		{97E36BBD-0ADF-4D8E-83FD-F0E1F4854C25}.Debug|Any CPU.Build.0 = Debug|Any CPU
		{97E36BBD-0ADF-4D8E-83FD-F0E1F4854C25}.Release|Any CPU.ActiveCfg = Release|Any CPU
		{97E36BBD-0ADF-4D8E-83FD-F0E1F4854C25}.Release|Any CPU.Build.0 = Release|Any CPU
	EndGlobalSection
	GlobalSection(SolutionProperties) = preSolution
		HideSolutionNode = FALSE
	EndGlobalSection
	GlobalSection(ExtensibilityGlobals) = postSolution
		SolutionGuid = {40B348CD-6038-4AA2-8DA6-88BB930E9EDE}
	EndGlobalSection
EndGlobal
